
Microsoft Visual Studio Solution File, Format Version 12.00
# Visual Studio 15
VisualStudioVersion = 15.0.26124.0
MinimumVisualStudioVersion = 15.0.26124.0
Project("{FAE04EC0-301F-11D3-BF4B-00C04F79EFBC}") = "Zadanie1", "Zadanie1\Zadanie1.csproj", "{9F59012A-7D1C-41A4-9F56-D57F5D4DF1D9}"
EndProject
Project("{FAE04EC0-301F-11D3-BF4B-00C04F79EFBC}") = "Zadanie2", "Zadanie2\Zadanie2.csproj", "{5241321A-FEEF-45CB-B5D7-A80742AB38F2}"
EndProject
Project("{FAE04EC0-301F-11D3-BF4B-00C04F79EFBC}") = "Zadanie1UnitTests", "Zadanie1UnitTests\Zadanie1UnitTests.csproj", "{102FBF09-5C2A-48C1-8EFE-34FE68C34E2C}"
EndProject
Project("{FAE04EC0-301F-11D3-BF4B-00C04F79EFBC}") = "Zadanie2UnitTests", "Zadanie2UnitTests\Zadanie2UnitTests.csproj", "{731B6540-7FF7-439D-8287-4CDDF7F508CE}"
EndProject
Global
	GlobalSection(SolutionConfigurationPlatforms) = preSolution
		Debug|Any CPU = Debug|Any CPU
		Debug|x64 = Debug|x64
		Debug|x86 = Debug|x86
		Release|Any CPU = Release|Any CPU
		Release|x64 = Release|x64
		Release|x86 = Release|x86
	EndGlobalSection
	GlobalSection(SolutionProperties) = preSolution
		HideSolutionNode = FALSE
	EndGlobalSection
	GlobalSection(ProjectConfigurationPlatforms) = postSolution
		{9F59012A-7D1C-41A4-9F56-D57F5D4DF1D9}.Debug|Any CPU.ActiveCfg = Debug|Any CPU
		{9F59012A-7D1C-41A4-9F56-D57F5D4DF1D9}.Debug|Any CPU.Build.0 = Debug|Any CPU
		{9F59012A-7D1C-41A4-9F56-D57F5D4DF1D9}.Debug|x64.ActiveCfg = Debug|Any CPU
		{9F59012A-7D1C-41A4-9F56-D57F5D4DF1D9}.Debug|x64.Build.0 = Debug|Any CPU
		{9F59012A-7D1C-41A4-9F56-D57F5D4DF1D9}.Debug|x86.ActiveCfg = Debug|Any CPU
		{9F59012A-7D1C-41A4-9F56-D57F5D4DF1D9}.Debug|x86.Build.0 = Debug|Any CPU
		{9F59012A-7D1C-41A4-9F56-D57F5D4DF1D9}.Release|Any CPU.ActiveCfg = Release|Any CPU
		{9F59012A-7D1C-41A4-9F56-D57F5D4DF1D9}.Release|Any CPU.Build.0 = Release|Any CPU
		{9F59012A-7D1C-41A4-9F56-D57F5D4DF1D9}.Release|x64.ActiveCfg = Release|Any CPU
		{9F59012A-7D1C-41A4-9F56-D57F5D4DF1D9}.Release|x64.Build.0 = Release|Any CPU
		{9F59012A-7D1C-41A4-9F56-D57F5D4DF1D9}.Release|x86.ActiveCfg = Release|Any CPU
		{9F59012A-7D1C-41A4-9F56-D57F5D4DF1D9}.Release|x86.Build.0 = Release|Any CPU
		{5241321A-FEEF-45CB-B5D7-A80742AB38F2}.Debug|Any CPU.ActiveCfg = Debug|Any CPU
		{5241321A-FEEF-45CB-B5D7-A80742AB38F2}.Debug|Any CPU.Build.0 = Debug|Any CPU
		{5241321A-FEEF-45CB-B5D7-A80742AB38F2}.Debug|x64.ActiveCfg = Debug|Any CPU
		{5241321A-FEEF-45CB-B5D7-A80742AB38F2}.Debug|x64.Build.0 = Debug|Any CPU
		{5241321A-FEEF-45CB-B5D7-A80742AB38F2}.Debug|x86.ActiveCfg = Debug|Any CPU
		{5241321A-FEEF-45CB-B5D7-A80742AB38F2}.Debug|x86.Build.0 = Debug|Any CPU
		{5241321A-FEEF-45CB-B5D7-A80742AB38F2}.Release|Any CPU.ActiveCfg = Release|Any CPU
		{5241321A-FEEF-45CB-B5D7-A80742AB38F2}.Release|Any CPU.Build.0 = Release|Any CPU
		{5241321A-FEEF-45CB-B5D7-A80742AB38F2}.Release|x64.ActiveCfg = Release|Any CPU
		{5241321A-FEEF-45CB-B5D7-A80742AB38F2}.Release|x64.Build.0 = Release|Any CPU
		{5241321A-FEEF-45CB-B5D7-A80742AB38F2}.Release|x86.ActiveCfg = Release|Any CPU
		{5241321A-FEEF-45CB-B5D7-A80742AB38F2}.Release|x86.Build.0 = Release|Any CPU
		{102FBF09-5C2A-48C1-8EFE-34FE68C34E2C}.Debug|Any CPU.ActiveCfg = Debug|Any CPU
		{102FBF09-5C2A-48C1-8EFE-34FE68C34E2C}.Debug|Any CPU.Build.0 = Debug|Any CPU
		{102FBF09-5C2A-48C1-8EFE-34FE68C34E2C}.Debug|x64.ActiveCfg = Debug|Any CPU
		{102FBF09-5C2A-48C1-8EFE-34FE68C34E2C}.Debug|x64.Build.0 = Debug|Any CPU
		{102FBF09-5C2A-48C1-8EFE-34FE68C34E2C}.Debug|x86.ActiveCfg = Debug|Any CPU
		{102FBF09-5C2A-48C1-8EFE-34FE68C34E2C}.Debug|x86.Build.0 = Debug|Any CPU
		{102FBF09-5C2A-48C1-8EFE-34FE68C34E2C}.Release|Any CPU.ActiveCfg = Release|Any CPU
		{102FBF09-5C2A-48C1-8EFE-34FE68C34E2C}.Release|Any CPU.Build.0 = Release|Any CPU
		{102FBF09-5C2A-48C1-8EFE-34FE68C34E2C}.Release|x64.ActiveCfg = Release|Any CPU
		{102FBF09-5C2A-48C1-8EFE-34FE68C34E2C}.Release|x64.Build.0 = Release|Any CPU
		{102FBF09-5C2A-48C1-8EFE-34FE68C34E2C}.Release|x86.ActiveCfg = Release|Any CPU
		{102FBF09-5C2A-48C1-8EFE-34FE68C34E2C}.Release|x86.Build.0 = Release|Any CPU
		{731B6540-7FF7-439D-8287-4CDDF7F508CE}.Debug|Any CPU.ActiveCfg = Debug|Any CPU
		{731B6540-7FF7-439D-8287-4CDDF7F508CE}.Debug|Any CPU.Build.0 = Debug|Any CPU
		{731B6540-7FF7-439D-8287-4CDDF7F508CE}.Debug|x64.ActiveCfg = Debug|Any CPU
		{731B6540-7FF7-439D-8287-4CDDF7F508CE}.Debug|x64.Build.0 = Debug|Any CPU
		{731B6540-7FF7-439D-8287-4CDDF7F508CE}.Debug|x86.ActiveCfg = Debug|Any CPU
		{731B6540-7FF7-439D-8287-4CDDF7F508CE}.Debug|x86.Build.0 = Debug|Any CPU
		{731B6540-7FF7-439D-8287-4CDDF7F508CE}.Release|Any CPU.ActiveCfg = Release|Any CPU
		{731B6540-7FF7-439D-8287-4CDDF7F508CE}.Release|Any CPU.Build.0 = Release|Any CPU
		{731B6540-7FF7-439D-8287-4CDDF7F508CE}.Release|x64.ActiveCfg = Release|Any CPU
		{731B6540-7FF7-439D-8287-4CDDF7F508CE}.Release|x64.Build.0 = Release|Any CPU
		{731B6540-7FF7-439D-8287-4CDDF7F508CE}.Release|x86.ActiveCfg = Release|Any CPU
		{731B6540-7FF7-439D-8287-4CDDF7F508CE}.Release|x86.Build.0 = Release|Any CPU
	EndGlobalSection
EndGlobal
